hash: 839dfa31115481a298c62e952d7f4e880dedb42fdc3f900f97448cc6a21f0828
updated: 2016-05-01T00:49:49.749169639-06:00
imports:
- name: github.com/goji/goji
  version: 0a0714568ced6c2f0138934b12029bcc2c52b993
- name: github.com/mattn/go-sqlite3
  version: 467f50b0c026317ad28fc2c0a08aab6f755cfc7a
- name: goji.io
  version: 0a0714568ced6c2f0138934b12029bcc2c52b993
  subpackages:
  - pat
  - internal
  - pattern
- name: golang.org/x/net
  version: 1aafd77e1e7f6849ad16a7bdeb65e3589a10b2bb
  subpackages:
  - context=
devImports: []
